# Generated by pub
# See https://dart.dev/tools/pub/glossary#lockfile
packages:
  design_codegen:
    dependency: "direct main"
    description:
      name: design_codegen
      sha256: "03fe2e3c5e42d2ebb1eb383e8a9e4affe9abb08a1d4a8647b31d9d48798b21ed"
      url: "https://pub.dev"
    source: hosted
    version: "0.0.6"
sdks:
  dart: ">=3.10.1 <4.0.0"
